
Microsoft Visual Studio Solution File, Format Version 12.00
# Visual Studio Version 17
VisualStudioVersion = 17.5.33516.290
MinimumVisualStudioVersion = 10.0.40219.1
Project("{FAE04EC0-301F-11D3-BF4B-00C04F79EFBC}") = "FizzBuzz", "FizzBuzz\FizzBuzz.csproj", "{8A6A3648-EBF8-48CB-9DA3-DBF3EB130935}"
EndProject
Project("{FAE04EC0-301F-11D3-BF4B-00C04F79EFBC}") = "FizzBuzz.Tests", "FizzBuzz.Tests\FizzBuzz.Tests.csproj", "{9EE159EC-4F03-473F-99C6-7553FB220394}"
EndProject
Global
	GlobalSection(SolutionConfigurationPlatforms) = preSolution
		Debug|Any CPU = Debug|Any CPU
		Release|Any CPU = Release|Any CPU
	EndGlobalSection
	GlobalSection(ProjectConfigurationPlatforms) = postSolution
		{8A6A3648-EBF8-48CB-9DA3-DBF3EB130935}.Debug|Any CPU.ActiveCfg = Debug|Any CPU
		{8A6A3648-EBF8-48CB-9DA3-DBF3EB130935}.Debug|Any CPU.Build.0 = Debug|Any CPU
		{8A6A3648-EBF8-48CB-9DA3-DBF3EB130935}.Release|Any CPU.ActiveCfg = Release|Any CPU
		{8A6A3648-EBF8-48CB-9DA3-DBF3EB130935}.Release|Any CPU.Build.0 = Release|Any CPU
		{9EE159EC-4F03-473F-99C6-7553FB220394}.Debug|Any CPU.ActiveCfg = Debug|Any CPU
		{9EE159EC-4F03-473F-99C6-7553FB220394}.Debug|Any CPU.Build.0 = Debug|Any CPU
		{9EE159EC-4F03-473F-99C6-7553FB220394}.Release|Any CPU.ActiveCfg = Release|Any CPU
		{9EE159EC-4F03-473F-99C6-7553FB220394}.Release|Any CPU.Build.0 = Release|Any CPU
	EndGlobalSection
	GlobalSection(SolutionProperties) = preSolution
		HideSolutionNode = FALSE
	EndGlobalSection
	GlobalSection(ExtensibilityGlobals) = postSolution
		SolutionGuid = {09622537-88E1-4B57-819B-19F580B24CE9}
	EndGlobalSection
EndGlobal
